{
  "name": "ai-bounty-hunter",
  "version": "1.0.0",
  "lockfileVersion": 3,
  "requires": true,
  "packages": {
    "": {
      "name": "ai-bounty-hunter",
      "version": "1.0.0",
      "dependencies": {
        "hono": "^4.13.2"
      },
      "devDependencies": {
        "wrangler": "^4.123.0"
      }
    },
    "node_modules/hono": {
      "version": "4.13.2",
      "resolved": "https://registry.npmjs.org/hono/-/hono-4.13.2.tgz",
      "integrity": "sha512-JydRilDRkYBQMt9qR9U92mXxmbGqsqSn/IKOrh4e7/gEbn+0zSr8igTu0obwJoNGN4sez28DIql7FBHWydoJpA==",
      "license": "MIT",
      "engines": {
        "node": ">=16.9.0"
      }
    },
    "node_modules/wrangler": {
      "version": "4.123.0",
      "resolved": "https://registry.npmjs.org/wrangler/-/wrangler-4.123.0.tgz",
      "integrity": "sha512-VXo2I1oa0x9aGAKIFPRSQPqTh0RBY5Ktl44YOhNmsJQFUdJKDA2vVTU6Xj+FC2koll6orJqWZN8jbXVIk9O67Q==",
      "dev": true,
      "license": "MIT OR Apache-2.0",
      "dependencies": {
        "@cloudflare/kv-asset-handler": "0.5.0",
        "@cloudflare/unenv-preset": "2.16.1",
        "blake3-wasm": "2.1.5",
        "esbuild": "0.28.1",
        "miniflare": "5.20260811.1-alpha",
        "path-to-regexp": "6.3.0",
        "unenv": "2.0.0-rc.24",
        "workerd": "1.20260811.1"
      },
      "bin": {
        "cf-wrangler": "bin/cf-wrangler.js",
        "wrangler": "bin/wrangler.js",
        "wrangler2": "bin/wrangler.js"
      },
      "engines": {
        "node": ">=22.0.0"
      },
      "optionalDependencies": {
        "fsevents": "2.3.3"
      },
      "peerDependencies": {
        "@cloudflare/workers-types": "^5.20260811.1"
      },
      "peerDependenciesMeta": {
        "@cloudflare/workers-types": {
          "optional": true
        }
      }
    }
  }
}